
Microsoft Visual Studio Solution File, Format Version 12.00
# Visual Studio Version 16
VisualStudioVersion = 16.0.30011.22
MinimumVisualStudioVersion = 10.0.40219.1
Project("{FAE04EC0-301F-11D3-BF4B-00C04F79EFBC}") = "HtmlParser", "HtmlParser.csproj", "{481F3291-DF01-4407-BE97-0B96ABF7DAFC}"
EndProject
Global
	GlobalSection(SolutionConfigurationPlatforms) = preSolution
		Debug|Any CPU = Debug|Any CPU
		Release|Any CPU = Release|Any CPU
	EndGlobalSection
	GlobalSection(ProjectConfigurationPlatforms) = postSolution
		{481F3291-DF01-4407-BE97-0B96ABF7DAFC}.Debug|Any CPU.ActiveCfg = Debug|Any CPU
		{481F3291-DF01-4407-BE97-0B96ABF7DAFC}.Debug|Any CPU.Build.0 = Debug|Any CPU
		{481F3291-DF01-4407-BE97-0B96ABF7DAFC}.Release|Any CPU.ActiveCfg = Release|Any CPU
		{481F3291-DF01-4407-BE97-0B96ABF7DAFC}.Release|Any CPU.Build.0 = Release|Any CPU
	EndGlobalSection
	GlobalSection(SolutionProperties) = preSolution
		HideSolutionNode = FALSE
	EndGlobalSection
	GlobalSection(ExtensibilityGlobals) = postSolution
		SolutionGuid = {9626C37A-F5FA-4AD8-AFA8-9DB1D6DDD540}
	EndGlobalSection
EndGlobal
